// !$*UTF8*$!
{
	archiveVersion = 1;
	classes = {
	};
	objectVersion = 46;
	objects = {

/* Begin PBXBuildFile section */
		3046997A172AF044004A84ED /* SBJsonParser.m in Sources */ = {isa = PBXBuildFile; fileRef = 30469967172AF044004A84ED /* SBJsonParser.m */; };
		3046997B172AF044004A84ED /* SBJsonStreamParser.m in Sources */ = {isa = PBXBuildFile; fileRef = 30469969172AF044004A84ED /* SBJsonStreamParser.m */; };
		3046997C172AF044004A84ED /* SBJsonStreamParserAccumulator.m in Sources */ = {isa = PBXBuildFile; fileRef = 3046996B172AF044004A84ED /* SBJsonStreamParserAccumulator.m */; };
		3046997D172AF044004A84ED /* SBJsonStreamParserAdapter.m in Sources */ = {isa = PBXBuildFile; fileRef = 3046996D172AF044004A84ED /* SBJsonStreamParserAdapter.m */; };
		3046997E172AF044004A84ED /* SBJsonStreamParserState.m in Sources */ = {isa = PBXBuildFile; fileRef = 3046996F172AF044004A84ED /* SBJsonStreamParserState.m */; };
		3046997F172AF044004A84ED /* SBJsonStreamTokeniser.m in Sources */ = {isa = PBXBuildFile; fileRef = 30469971172AF044004A84ED /* SBJsonStreamTokeniser.m */; };
		30469980172AF044004A84ED /* SBJsonStreamWriter.m in Sources */ = {isa = PBXBuildFile; fileRef = 30469973172AF044004A84ED /* SBJsonStreamWriter.m */; };
		30469981172AF044004A84ED /* SBJsonStreamWriterAccumulator.m in Sources */ = {isa = PBXBuildFile; fileRef = 30469975172AF044004A84ED /* SBJsonStreamWriterAccumulator.m */; };
		30469982172AF044004A84ED /* SBJsonStreamWriterState.m in Sources */ = {isa = PBXBuildFile; fileRef = 30469977172AF044004A84ED /* SBJsonStreamWriterState.m */; };
		30469983172AF044004A84ED /* SBJsonWriter.m in Sources */ = {isa = PBXBuildFile; fileRef = 30469979172AF044004A84ED /* SBJsonWriter.m */; };
		307BD61B1634B2B200178FC2 /* Default-568h@2x.png in Resources */ = {isa = PBXBuildFile; fileRef = 307BD61A1634B2B200178FC2 /* Default-568h@2x.png */; };
		307D13F015FA9CC600CB696C /* UIKit.framework in Frameworks */ = {isa = PBXBuildFile; fileRef = 307D13EF15FA9CC600CB696C /* UIKit.framework */; };
		307D13F215FA9CC600CB696C /* Foundation.framework in Frameworks */ = {isa = PBXBuildFile; fileRef = 307D13F115FA9CC600CB696C /* Foundation.framework */; };
		307D13F415FA9CC600CB696C /* CoreGraphics.framework in Frameworks */ = {isa = PBXBuildFile; fileRef = 307D13F315FA9CC600CB696C /* CoreGraphics.framework */; };
		307D13FC15FA9CC600CB696C /* main.m in Sources */ = {isa = PBXBuildFile; fileRef = 307D13FB15FA9CC600CB696C /* main.m */; };
		307D140015FA9CC600CB696C /* RFAppDelegate.m in Sources */ = {isa = PBXBuildFile; fileRef = 307D13FF15FA9CC600CB696C /* RFAppDelegate.m */; };
		308411EA1602A9470032F2E6 /* RFJSONArrayAccumulateParser.m in Sources */ = {isa = PBXBuildFile; fileRef = 308411D31602A9470032F2E6 /* RFJSONArrayAccumulateParser.m */; };
		308411EB1602A9470032F2E6 /* RFJSONArrayParser.m in Sources */ = {isa = PBXBuildFile; fileRef = 308411D51602A9470032F2E6 /* RFJSONArrayParser.m */; };
		308411EC1602A9470032F2E6 /* RFJSONArraySkipParser.m in Sources */ = {isa = PBXBuildFile; fileRef = 308411D71602A9470032F2E6 /* RFJSONArraySkipParser.m */; };
		308411ED1602A9470032F2E6 /* RFJSONDocumentParser.m in Sources */ = {isa = PBXBuildFile; fileRef = 308411D91602A9470032F2E6 /* RFJSONDocumentParser.m */; };
		308411EE1602A9470032F2E6 /* RFJSONFramework.m in Sources */ = {isa = PBXBuildFile; fileRef = 308411DB1602A9470032F2E6 /* RFJSONFramework.m */; };
		308411EF1602A9470032F2E6 /* RFJSONNodeParser.m in Sources */ = {isa = PBXBuildFile; fileRef = 308411DD1602A9470032F2E6 /* RFJSONNodeParser.m */; };
		308411F01602A9470032F2E6 /* RFJSONNodeParserPrivate.m in Sources */ = {isa = PBXBuildFile; fileRef = 308411DF1602A9470032F2E6 /* RFJSONNodeParserPrivate.m */; };
		308411F11602A9470032F2E6 /* RFJSONNodeParserType.m in Sources */ = {isa = PBXBuildFile; fileRef = 308411E11602A9470032F2E6 /* RFJSONNodeParserType.m */; };
		308411F21602A9470032F2E6 /* RFJSONNodeParserTypeProtected.m in Sources */ = {isa = PBXBuildFile; fileRef = 308411E31602A9470032F2E6 /* RFJSONNodeParserTypeProtected.m */; };
		308411F31602A9470032F2E6 /* RFJSONOjectAccumulateParser.m in Sources */ = {isa = PBXBuildFile; fileRef = 308411E51602A9470032F2E6 /* RFJSONOjectAccumulateParser.m */; };
		308411F41602A9470032F2E6 /* RFJSONOjectParser.m in Sources */ = {isa = PBXBuildFile; fileRef = 308411E71602A9470032F2E6 /* RFJSONOjectParser.m */; };
		308411F51602A9470032F2E6 /* RFJSONOjectSkipParser.m in Sources */ = {isa = PBXBuildFile; fileRef = 308411E91602A9470032F2E6 /* RFJSONOjectSkipParser.m */; };
		3084121F1602A9B60032F2E6 /* REBase256.m in Sources */ = {isa = PBXBuildFile; fileRef = 308411F81602A9B60032F2E6 /* REBase256.m */; };
		308412201602A9B60032F2E6 /* REExtendedFoundation.m in Sources */ = {isa = PBXBuildFile; fileRef = 308411FA1602A9B60032F2E6 /* REExtendedFoundation.m */; };
		308412211602A9B60032F2E6 /* RENSArray.m in Sources */ = {isa = PBXBuildFile; fileRef = 308411FC1602A9B60032F2E6 /* RENSArray.m */; };
		308412221602A9B60032F2E6 /* RENSDateFormatter.m in Sources */ = {isa = PBXBuildFile; fileRef = 308411FE1602A9B60032F2E6 /* RENSDateFormatter.m */; };
		308412231602A9B60032F2E6 /* RENSDictionary.m in Sources */ = {isa = PBXBuildFile; fileRef = 308412001602A9B60032F2E6 /* RENSDictionary.m */; };
		308412241602A9B60032F2E6 /* RENSFileManager.m in Sources */ = {isa = PBXBuildFile; fileRef = 308412021602A9B60032F2E6 /* RENSFileManager.m */; };
		308412251602A9B60032F2E6 /* RENSIndexPath.m in Sources */ = {isa = PBXBuildFile; fileRef = 308412041602A9B60032F2E6 /* RENSIndexPath.m */; };
		308412261602A9B60032F2E6 /* RENSInvocation.m in Sources */ = {isa = PBXBuildFile; fileRef = 308412061602A9B60032F2E6 /* RENSInvocation.m */; };
		308412271602A9B60032F2E6 /* RENSLocale.m in Sources */ = {isa = PBXBuildFile; fileRef = 308412081602A9B60032F2E6 /* RENSLocale.m */; };
		308412281602A9B60032F2E6 /* RENSNotification.m in Sources */ = {isa = PBXBuildFile; fileRef = 3084120A1602A9B60032F2E6 /* RENSNotification.m */; };
		308412291602A9B60032F2E6 /* RENSNotificationQueue.m in Sources */ = {isa = PBXBuildFile; fileRef = 3084120C1602A9B60032F2E6 /* RENSNotificationQueue.m */; };
		3084122A1602A9B60032F2E6 /* RENSNumber.m in Sources */ = {isa = PBXBuildFile; fileRef = 3084120E1602A9B60032F2E6 /* RENSNumber.m */; };
		3084122B1602A9B60032F2E6 /* RENSObjCRuntime.m in Sources */ = {isa = PBXBuildFile; fileRef = 308412101602A9B60032F2E6 /* RENSObjCRuntime.m */; };
		3084122C1602A9B60032F2E6 /* RENSObject.m in Sources */ = {isa = PBXBuildFile; fileRef = 308412121602A9B60032F2E6 /* RENSObject.m */; };
		3084122D1602A9B60032F2E6 /* RENSPropertyList.m in Sources */ = {isa = PBXBuildFile; fileRef = 308412141602A9B60032F2E6 /* RENSPropertyList.m */; };
		3084122E1602A9B60032F2E6 /* RENSRange.m in Sources */ = {isa = PBXBuildFile; fileRef = 308412161602A9B60032F2E6 /* RENSRange.m */; };
		3084122F1602A9B60032F2E6 /* RENSStream.m in Sources */ = {isa = PBXBuildFile; fileRef = 308412181602A9B60032F2E6 /* RENSStream.m */; };
		308412301602A9B60032F2E6 /* RENSString.m in Sources */ = {isa = PBXBuildFile; fileRef = 3084121A1602A9B60032F2E6 /* RENSString.m */; };
		308412311602A9B60032F2E6 /* RENSTimer.m in Sources */ = {isa = PBXBuildFile; fileRef = 3084121C1602A9B60032F2E6 /* RENSTimer.m */; };
		308412321602A9B60032F2E6 /* RERFC822.m in Sources */ = {isa = PBXBuildFile; fileRef = 3084121E1602A9B60032F2E6 /* RERFC822.m */; };
		308412381602A9C90032F2E6 /* RWObjC.m in Sources */ = {isa = PBXBuildFile; fileRef = 308412351602A9C90032F2E6 /* RWObjC.m */; };
		308412391602A9C90032F2E6 /* RWObjCWrapper.m in Sources */ = {isa = PBXBuildFile; fileRef = 308412371602A9C90032F2E6 /* RWObjCWrapper.m */; };
		30B31DCD1678BF9700CCE51F /* RENSAttributedString.m in Sources */ = {isa = PBXBuildFile; fileRef = 30B31DBC1678BF9700CCE51F /* RENSAttributedString.m */; };
		30B31DCE1678BF9700CCE51F /* RENSCharacterSet.m in Sources */ = {isa = PBXBuildFile; fileRef = 30B31DBE1678BF9700CCE51F /* RENSCharacterSet.m */; };
		30B31DCF1678BF9700CCE51F /* RENSData.m in Sources */ = {isa = PBXBuildFile; fileRef = 30B31DC01678BF9700CCE51F /* RENSData.m */; };
		30B31DD01678BF9700CCE51F /* RENSError.m in Sources */ = {isa = PBXBuildFile; fileRef = 30B31DC21678BF9700CCE51F /* RENSError.m */; };
		30B31DD11678BF9700CCE51F /* RENSIndexSet.m in Sources */ = {isa = PBXBuildFile; fileRef = 30B31DC41678BF9700CCE51F /* RENSIndexSet.m */; };
		30B31DD21678BF9700CCE51F /* RENSOrderedSet.m in Sources */ = {isa = PBXBuildFile; fileRef = 30B31DC61678BF9700CCE51F /* RENSOrderedSet.m */; };
		30B31DD31678BF9700CCE51F /* RENSSet.m in Sources */ = {isa = PBXBuildFile; fileRef = 30B31DC81678BF9700CCE51F /* RENSSet.m */; };
		30B31DD41678BF9700CCE51F /* RENSThread.m in Sources */ = {isa = PBXBuildFile; fileRef = 30B31DCA1678BF9700CCE51F /* RENSThread.m */; };
		30B31DD51678BF9700CCE51F /* RENSURLRequest.m in Sources */ = {isa = PBXBuildFile; fileRef = 30B31DCC1678BF9700CCE51F /* RENSURLRequest.m */; };
		30DB4C7B16B0CEB800F7573A /* RENSException.m in Sources */ = {isa = PBXBuildFile; fileRef = 30DB4C7816B0CEB800F7573A /* RENSException.m */; };
		30DB4C7C16B0CEB800F7573A /* RENSNull.m in Sources */ = {isa = PBXBuildFile; fileRef = 30DB4C7A16B0CEB800F7573A /* RENSNull.m */; };
/* End PBXBuildFile section */

/* Begin PBXFileReference section */
		30469965172AF044004A84ED /* SBJson.h */ = {isa = PBXFileReference; fileEncoding = 4; lastKnownFileType = sourcecode.c.h; path = SBJson.h; sourceTree = "<group>"; };
		30469966172AF044004A84ED /* SBJsonParser.h */ = {isa = PBXFileReference; fileEncoding = 4; lastKnownFileType = sourcecode.c.h; path = SBJsonParser.h; sourceTree = "<group>"; };
		30469967172AF044004A84ED /* SBJsonParser.m */ = {isa = PBXFileReference; fileEncoding = 4; lastKnownFileType = sourcecode.c.objc; path = SBJsonParser.m; sourceTree = "<group>"; };
		30469968172AF044004A84ED /* SBJsonStreamParser.h */ = {isa = PBXFileReference; fileEncoding = 4; lastKnownFileType = sourcecode.c.h; path = SBJsonStreamParser.h; sourceTree = "<group>"; };
		30469969172AF044004A84ED /* SBJsonStreamParser.m */ = {isa = PBXFileReference; fileEncoding = 4; lastKnownFileType = sourcecode.c.objc; path = SBJsonStreamParser.m; sourceTree = "<group>"; };
		3046996A172AF044004A84ED /* SBJsonStreamParserAccumulator.h */ = {isa = PBXFileReference; fileEncoding = 4; lastKnownFileType = sourcecode.c.h; path = SBJsonStreamParserAccumulator.h; sourceTree = "<group>"; };
		3046996B172AF044004A84ED /* SBJsonStreamParserAccumulator.m */ = {isa = PBXFileReference; fileEncoding = 4; lastKnownFileType = sourcecode.c.objc; path = SBJsonStreamParserAccumulator.m; sourceTree = "<group>"; };
		3046996C172AF044004A84ED /* SBJsonStreamParserAdapter.h */ = {isa = PBXFileReference; fileEncoding = 4; lastKnownFileType = sourcecode.c.h; path = SBJsonStreamParserAdapter.h; sourceTree = "<group>"; };
		3046996D172AF044004A84ED /* SBJsonStreamParserAdapter.m */ = {isa = PBXFileReference; fileEncoding = 4; lastKnownFileType = sourcecode.c.objc; path = SBJsonStreamParserAdapter.m; sourceTree = "<group>"; };
		3046996E172AF044004A84ED /* SBJsonStreamParserState.h */ = {isa = PBXFileReference; fileEncoding = 4; lastKnownFileType = sourcecode.c.h; path = SBJsonStreamParserState.h; sourceTree = "<group>"; };
		3046996F172AF044004A84ED /* SBJsonStreamParserState.m */ = {isa = PBXFileReference; fileEncoding = 4; lastKnownFileType = sourcecode.c.objc; path = SBJsonStreamParserState.m; sourceTree = "<group>"; };
		30469970172AF044004A84ED /* SBJsonStreamTokeniser.h */ = {isa = PBXFileReference; fileEncoding = 4; lastKnownFileType = sourcecode.c.h; path = SBJsonStreamTokeniser.h; sourceTree = "<group>"; };
		30469971172AF044004A84ED /* SBJsonStreamTokeniser.m */ = {isa = PBXFileReference; fileEncoding = 4; lastKnownFileType = sourcecode.c.objc; path = SBJsonStreamTokeniser.m; sourceTree = "<group>"; };
		30469972172AF044004A84ED /* SBJsonStreamWriter.h */ = {isa = PBXFileReference; fileEncoding = 4; lastKnownFileType = sourcecode.c.h; path = SBJsonStreamWriter.h; sourceTree = "<group>"; };
		30469973172AF044004A84ED /* SBJsonStreamWriter.m */ = {isa = PBXFileReference; fileEncoding = 4; lastKnownFileType = sourcecode.c.objc; path = SBJsonStreamWriter.m; sourceTree = "<group>"; };
		30469974172AF044004A84ED /* SBJsonStreamWriterAccumulator.h */ = {isa = PBXFileReference; fileEncoding = 4; lastKnownFileType = sourcecode.c.h; path = SBJsonStreamWriterAccumulator.h; sourceTree = "<group>"; };
		30469975172AF044004A84ED /* SBJsonStreamWriterAccumulator.m */ = {isa = PBXFileReference; fileEncoding = 4; lastKnownFileType = sourcecode.c.objc; path = SBJsonStreamWriterAccumulator.m; sourceTree = "<group>"; };
		30469976172AF044004A84ED /* SBJsonStreamWriterState.h */ = {isa = PBXFileReference; fileEncoding = 4; lastKnownFileType = sourcecode.c.h; path = SBJsonStreamWriterState.h; sourceTree = "<group>"; };
		30469977172AF044004A84ED /* SBJsonStreamWriterState.m */ = {isa = PBXFileReference; fileEncoding = 4; lastKnownFileType = sourcecode.c.objc; path = SBJsonStreamWriterState.m; sourceTree = "<group>"; };
		30469978172AF044004A84ED /* SBJsonWriter.h */ = {isa = PBXFileReference; fileEncoding = 4; lastKnownFileType = sourcecode.c.h; path = SBJsonWriter.h; sourceTree = "<group>"; };
		30469979172AF044004A84ED /* SBJsonWriter.m */ = {isa = PBXFileReference; fileEncoding = 4; lastKnownFileType = sourcecode.c.objc; path = SBJsonWriter.m; sourceTree = "<group>"; };
		307BD61A1634B2B200178FC2 /* Default-568h@2x.png */ = {isa = PBXFileReference; lastKnownFileType = image.png; path = "Default-568h@2x.png"; sourceTree = "<group>"; };
		307D13EB15FA9CC600CB696C /* RFJSONFramework.app */ = {isa = PBXFileReference; explicitFileType = wrapper.application; includeInIndex = 0; path = RFJSONFramework.app; sourceTree = BUILT_PRODUCTS_DIR; };
		307D13EF15FA9CC600CB696C /* UIKit.framework */ = {isa = PBXFileReference; lastKnownFileType = wrapper.framework; name = UIKit.framework; path = System/Library/Frameworks/UIKit.framework; sourceTree = SDKROOT; };
		307D13F115FA9CC600CB696C /* Foundation.framework */ = {isa = PBXFileReference; lastKnownFileType = wrapper.framework; name = Foundation.framework; path = System/Library/Frameworks/Foundation.framework; sourceTree = SDKROOT; };
		307D13F315FA9CC600CB696C /* CoreGraphics.framework */ = {isa = PBXFileReference; lastKnownFileType = wrapper.framework; name = CoreGraphics.framework; path = System/Library/Frameworks/CoreGraphics.framework; sourceTree = SDKROOT; };
		307D13F715FA9CC600CB696C /* RFJSONFramework-Info.plist */ = {isa = PBXFileReference; lastKnownFileType = text.plist.xml; path = "RFJSONFramework-Info.plist"; sourceTree = "<group>"; };
		307D13FB15FA9CC600CB696C /* main.m */ = {isa = PBXFileReference; lastKnownFileType = sourcecode.c.objc; path = main.m; sourceTree = "<group>"; };
		307D13FD15FA9CC600CB696C /* RFJSONFramework-Prefix.pch */ = {isa = PBXFileReference; lastKnownFileType = sourcecode.c.h; path = "RFJSONFramework-Prefix.pch"; sourceTree = "<group>"; };
		307D13FE15FA9CC600CB696C /* RFAppDelegate.h */ = {isa = PBXFileReference; lastKnownFileType = sourcecode.c.h; path = RFAppDelegate.h; sourceTree = "<group>"; };
		307D13FF15FA9CC600CB696C /* RFAppDelegate.m */ = {isa = PBXFileReference; lastKnownFileType = sourcecode.c.objc; path = RFAppDelegate.m; sourceTree = "<group>"; };
		308411D21602A9470032F2E6 /* RFJSONArrayAccumulateParser.h */ = {isa = PBXFileReference; fileEncoding = 4; lastKnownFileType = sourcecode.c.h; path = RFJSONArrayAccumulateParser.h; sourceTree = "<group>"; };
		308411D31602A9470032F2E6 /* RFJSONArrayAccumulateParser.m */ = {isa = PBXFileReference; fileEncoding = 4; lastKnownFileType = sourcecode.c.objc; path = RFJSONArrayAccumulateParser.m; sourceTree = "<group>"; };
		308411D41602A9470032F2E6 /* RFJSONArrayParser.h */ = {isa = PBXFileReference; fileEncoding = 4; lastKnownFileType = sourcecode.c.h; path = RFJSONArrayParser.h; sourceTree = "<group>"; };
		308411D51602A9470032F2E6 /* RFJSONArrayParser.m */ = {isa = PBXFileReference; fileEncoding = 4; lastKnownFileType = sourcecode.c.objc; path = RFJSONArrayParser.m; sourceTree = "<group>"; };
		308411D61602A9470032F2E6 /* RFJSONArraySkipParser.h */ = {isa = PBXFileReference; fileEncoding = 4; lastKnownFileType = sourcecode.c.h; path = RFJSONArraySkipParser.h; sourceTree = "<group>"; };
		308411D71602A9470032F2E6 /* RFJSONArraySkipParser.m */ = {isa = PBXFileReference; fileEncoding = 4; lastKnownFileType = sourcecode.c.objc; path = RFJSONArraySkipParser.m; sourceTree = "<group>"; };
		308411D81602A9470032F2E6 /* RFJSONDocumentParser.h */ = {isa = PBXFileReference; fileEncoding = 4; lastKnownFileType = sourcecode.c.h; path = RFJSONDocumentParser.h; sourceTree = "<group>"; };
		308411D91602A9470032F2E6 /* RFJSONDocumentParser.m */ = {isa = PBXFileReference; fileEncoding = 4; lastKnownFileType = sourcecode.c.objc; path = RFJSONDocumentParser.m; sourceTree = "<group>"; };
		308411DA1602A9470032F2E6 /* RFJSONFramework.h */ = {isa = PBXFileReference; fileEncoding = 4; lastKnownFileType = sourcecode.c.h; path = RFJSONFramework.h; sourceTree = "<group>"; };
		308411DB1602A9470032F2E6 /* RFJSONFramework.m */ = {isa = PBXFileReference; fileEncoding = 4; lastKnownFileType = sourcecode.c.objc; path = RFJSONFramework.m; sourceTree = "<group>"; };
		308411DC1602A9470032F2E6 /* RFJSONNodeParser.h */ = {isa = PBXFileReference; fileEncoding = 4; lastKnownFileType = sourcecode.c.h; path = RFJSONNodeParser.h; sourceTree = "<group>"; };
		308411DD1602A9470032F2E6 /* RFJSONNodeParser.m */ = {isa = PBXFileReference; fileEncoding = 4; lastKnownFileType = sourcecode.c.objc; path = RFJSONNodeParser.m; sourceTree = "<group>"; };
		308411DE1602A9470032F2E6 /* RFJSONNodeParserPrivate.h */ = {isa = PBXFileReference; fileEncoding = 4; lastKnownFileType = sourcecode.c.h; path = RFJSONNodeParserPrivate.h; sourceTree = "<group>"; };
		308411DF1602A9470032F2E6 /* RFJSONNodeParserPrivate.m */ = {isa = PBXFileReference; fileEncoding = 4; lastKnownFileType = sourcecode.c.objc; path = RFJSONNodeParserPrivate.m; sourceTree = "<group>"; };
		308411E01602A9470032F2E6 /* RFJSONNodeParserType.h */ = {isa = PBXFileReference; fileEncoding = 4; lastKnownFileType = sourcecode.c.h; path = RFJSONNodeParserType.h; sourceTree = "<group>"; };
		308411E11602A9470032F2E6 /* RFJSONNodeParserType.m */ = {isa = PBXFileReference; fileEncoding = 4; lastKnownFileType = sourcecode.c.objc; path = RFJSONNodeParserType.m; sourceTree = "<group>"; };
		308411E21602A9470032F2E6 /* RFJSONNodeParserTypeProtected.h */ = {isa = PBXFileReference; fileEncoding = 4; lastKnownFileType = sourcecode.c.h; path = RFJSONNodeParserTypeProtected.h; sourceTree = "<group>"; };
		308411E31602A9470032F2E6 /* RFJSONNodeParserTypeProtected.m */ = {isa = PBXFileReference; fileEncoding = 4; lastKnownFileType = sourcecode.c.objc; path = RFJSONNodeParserTypeProtected.m; sourceTree = "<group>"; };
		308411E41602A9470032F2E6 /* RFJSONOjectAccumulateParser.h */ = {isa = PBXFileReference; fileEncoding = 4; lastKnownFileType = sourcecode.c.h; path = RFJSONOjectAccumulateParser.h; sourceTree = "<group>"; };
		308411E51602A9470032F2E6 /* RFJSONOjectAccumulateParser.m */ = {isa = PBXFileReference; fileEncoding = 4; lastKnownFileType = sourcecode.c.objc; path = RFJSONOjectAccumulateParser.m; sourceTree = "<group>"; };
		308411E61602A9470032F2E6 /* RFJSONOjectParser.h */ = {isa = PBXFileReference; fileEncoding = 4; lastKnownFileType = sourcecode.c.h; path = RFJSONOjectParser.h; sourceTree = "<group>"; };
		308411E71602A9470032F2E6 /* RFJSONOjectParser.m */ = {isa = PBXFileReference; fileEncoding = 4; lastKnownFileType = sourcecode.c.objc; path = RFJSONOjectParser.m; sourceTree = "<group>"; };
		308411E81602A9470032F2E6 /* RFJSONOjectSkipParser.h */ = {isa = PBXFileReference; fileEncoding = 4; lastKnownFileType = sourcecode.c.h; path = RFJSONOjectSkipParser.h; sourceTree = "<group>"; };
		308411E91602A9470032F2E6 /* RFJSONOjectSkipParser.m */ = {isa = PBXFileReference; fileEncoding = 4; lastKnownFileType = sourcecode.c.objc; path = RFJSONOjectSkipParser.m; sourceTree = "<group>"; };
		308411F71602A9B60032F2E6 /* REBase256.h */ = {isa = PBXFileReference; fileEncoding = 4; lastKnownFileType = sourcecode.c.h; path = REBase256.h; sourceTree = "<group>"; };
		308411F81602A9B60032F2E6 /* REBase256.m */ = {isa = PBXFileReference; fileEncoding = 4; lastKnownFileType = sourcecode.c.objc; path = REBase256.m; sourceTree = "<group>"; };
		308411F91602A9B60032F2E6 /* REExtendedFoundation.h */ = {isa = PBXFileReference; fileEncoding = 4; lastKnownFileType = sourcecode.c.h; path = REExtendedFoundation.h; sourceTree = "<group>"; };
		308411FA1602A9B60032F2E6 /* REExtendedFoundation.m */ = {isa = PBXFileReference; fileEncoding = 4; lastKnownFileType = sourcecode.c.objc; path = REExtendedFoundation.m; sourceTree = "<group>"; };
		308411FB1602A9B60032F2E6 /* RENSArray.h */ = {isa = PBXFileReference; fileEncoding = 4; lastKnownFileType = sourcecode.c.h; path = RENSArray.h; sourceTree = "<group>"; };
		308411FC1602A9B60032F2E6 /* RENSArray.m */ = {isa = PBXFileReference; fileEncoding = 4; lastKnownFileType = sourcecode.c.objc; path = RENSArray.m; sourceTree = "<group>"; };
		308411FD1602A9B60032F2E6 /* RENSDateFormatter.h */ = {isa = PBXFileReference; fileEncoding = 4; lastKnownFileType = sourcecode.c.h; path = RENSDateFormatter.h; sourceTree = "<group>"; };
		308411FE1602A9B60032F2E6 /* RENSDateFormatter.m */ = {isa = PBXFileReference; fileEncoding = 4; lastKnownFileType = sourcecode.c.objc; path = RENSDateFormatter.m; sourceTree = "<group>"; };
		308411FF1602A9B60032F2E6 /* RENSDictionary.h */ = {isa = PBXFileReference; fileEncoding = 4; lastKnownFileType = sourcecode.c.h; path = RENSDictionary.h; sourceTree = "<group>"; };
		308412001602A9B60032F2E6 /* RENSDictionary.m */ = {isa = PBXFileReference; fileEncoding = 4; lastKnownFileType = sourcecode.c.objc; path = RENSDictionary.m; sourceTree = "<group>"; };
		308412011602A9B60032F2E6 /* RENSFileManager.h */ = {isa = PBXFileReference; fileEncoding = 4; lastKnownFileType = sourcecode.c.h; path = RENSFileManager.h; sourceTree = "<group>"; };
		308412021602A9B60032F2E6 /* RENSFileManager.m */ = {isa = PBXFileReference; fileEncoding = 4; lastKnownFileType = sourcecode.c.objc; path = RENSFileManager.m; sourceTree = "<group>"; };
		308412031602A9B60032F2E6 /* RENSIndexPath.h */ = {isa = PBXFileReference; fileEncoding = 4; lastKnownFileType = sourcecode.c.h; path = RENSIndexPath.h; sourceTree = "<group>"; };
		308412041602A9B60032F2E6 /* RENSIndexPath.m */ = {isa = PBXFileReference; fileEncoding = 4; lastKnownFileType = sourcecode.c.objc; path = RENSIndexPath.m; sourceTree = "<group>"; };
		308412051602A9B60032F2E6 /* RENSInvocation.h */ = {isa = PBXFileReference; fileEncoding = 4; lastKnownFileType = sourcecode.c.h; path = RENSInvocation.h; sourceTree = "<group>"; };
		308412061602A9B60032F2E6 /* RENSInvocation.m */ = {isa = PBXFileReference; fileEncoding = 4; lastKnownFileType = sourcecode.c.objc; path = RENSInvocation.m; sourceTree = "<group>"; };
		308412071602A9B60032F2E6 /* RENSLocale.h */ = {isa = PBXFileReference; fileEncoding = 4; lastKnownFileType = sourcecode.c.h; path = RENSLocale.h; sourceTree = "<group>"; };
		308412081602A9B60032F2E6 /* RENSLocale.m */ = {isa = PBXFileReference; fileEncoding = 4; lastKnownFileType = sourcecode.c.objc; path = RENSLocale.m; sourceTree = "<group>"; };
		308412091602A9B60032F2E6 /* RENSNotification.h */ = {isa = PBXFileReference; fileEncoding = 4; lastKnownFileType = sourcecode.c.h; path = RENSNotification.h; sourceTree = "<group>"; };
		3084120A1602A9B60032F2E6 /* RENSNotification.m */ = {isa = PBXFileReference; fileEncoding = 4; lastKnownFileType = sourcecode.c.objc; path = RENSNotification.m; sourceTree = "<group>"; };
		3084120B1602A9B60032F2E6 /* RENSNotificationQueue.h */ = {isa = PBXFileReference; fileEncoding = 4; lastKnownFileType = sourcecode.c.h; path = RENSNotificationQueue.h; sourceTree = "<group>"; };
		3084120C1602A9B60032F2E6 /* RENSNotificationQueue.m */ = {isa = PBXFileReference; fileEncoding = 4; lastKnownFileType = sourcecode.c.objc; path = RENSNotificationQueue.m; sourceTree = "<group>"; };
		3084120D1602A9B60032F2E6 /* RENSNumber.h */ = {isa = PBXFileReference; fileEncoding = 4; lastKnownFileType = sourcecode.c.h; path = RENSNumber.h; sourceTree = "<group>"; };
		3084120E1602A9B60032F2E6 /* RENSNumber.m */ = {isa = PBXFileReference; fileEncoding = 4; lastKnownFileType = sourcecode.c.objc; path = RENSNumber.m; sourceTree = "<group>"; };
		3084120F1602A9B60032F2E6 /* RENSObjCRuntime.h */ = {isa = PBXFileReference; fileEncoding = 4; lastKnownFileType = sourcecode.c.h; path = RENSObjCRuntime.h; sourceTree = "<group>"; };
		308412101602A9B60032F2E6 /* RENSObjCRuntime.m */ = {isa = PBXFileReference; fileEncoding = 4; lastKnownFileType = sourcecode.c.objc; path = RENSObjCRuntime.m; sourceTree = "<group>"; };
		308412111602A9B60032F2E6 /* RENSObject.h */ = {isa = PBXFileReference; fileEncoding = 4; lastKnownFileType = sourcecode.c.h; path = RENSObject.h; sourceTree = "<group>"; };
		308412121602A9B60032F2E6 /* RENSObject.m */ = {isa = PBXFileReference; fileEncoding = 4; lastKnownFileType = sourcecode.c.objc; path = RENSObject.m; sourceTree = "<group>"; };
		308412131602A9B60032F2E6 /* RENSPropertyList.h */ = {isa = PBXFileReference; fileEncoding = 4; lastKnownFileType = sourcecode.c.h; path = RENSPropertyList.h; sourceTree = "<group>"; };
		308412141602A9B60032F2E6 /* RENSPropertyList.m */ = {isa = PBXFileReference; fileEncoding = 4; lastKnownFileType = sourcecode.c.objc; path = RENSPropertyList.m; sourceTree = "<group>"; };
		308412151602A9B60032F2E6 /* RENSRange.h */ = {isa = PBXFileReference; fileEncoding = 4; lastKnownFileType = sourcecode.c.h; path = RENSRange.h; sourceTree = "<group>"; };
		308412161602A9B60032F2E6 /* RENSRange.m */ = {isa = PBXFileReference; fileEncoding = 4; lastKnownFileType = sourcecode.c.objc; path = RENSRange.m; sourceTree = "<group>"; };
		308412171602A9B60032F2E6 /* RENSStream.h */ = {isa = PBXFileReference; fileEncoding = 4; lastKnownFileType = sourcecode.c.h; path = RENSStream.h; sourceTree = "<group>"; };
		308412181602A9B60032F2E6 /* RENSStream.m */ = {isa = PBXFileReference; fileEncoding = 4; lastKnownFileType = sourcecode.c.objc; path = RENSStream.m; sourceTree = "<group>"; };
		308412191602A9B60032F2E6 /* RENSString.h */ = {isa = PBXFileReference; fileEncoding = 4; lastKnownFileType = sourcecode.c.h; path = RENSString.h; sourceTree = "<group>"; };
		3084121A1602A9B60032F2E6 /* RENSString.m */ = {isa = PBXFileReference; fileEncoding = 4; lastKnownFileType = sourcecode.c.objc; path = RENSString.m; sourceTree = "<group>"; };
		3084121B1602A9B60032F2E6 /* RENSTimer.h */ = {isa = PBXFileReference; fileEncoding = 4; lastKnownFileType = sourcecode.c.h; path = RENSTimer.h; sourceTree = "<group>"; };
		3084121C1602A9B60032F2E6 /* RENSTimer.m */ = {isa = PBXFileReference; fileEncoding = 4; lastKnownFileType = sourcecode.c.objc; path = RENSTimer.m; sourceTree = "<group>"; };
		3084121D1602A9B60032F2E6 /* RERFC822.h */ = {isa = PBXFileReference; fileEncoding = 4; lastKnownFileType = sourcecode.c.h; path = RERFC822.h; sourceTree = "<group>"; };
		3084121E1602A9B60032F2E6 /* RERFC822.m */ = {isa = PBXFileReference; fileEncoding = 4; lastKnownFileType = sourcecode.c.objc; path = RERFC822.m; sourceTree = "<group>"; };
		308412341602A9C90032F2E6 /* RWObjC.h */ = {isa = PBXFileReference; fileEncoding = 4; lastKnownFileType = sourcecode.c.h; path = RWObjC.h; sourceTree = "<group>"; };
		308412351602A9C90032F2E6 /* RWObjC.m */ = {isa = PBXFileReference; fileEncoding = 4; lastKnownFileType = sourcecode.c.objc; path = RWObjC.m; sourceTree = "<group>"; };
		308412361602A9C90032F2E6 /* RWObjCWrapper.h */ = {isa = PBXFileReference; fileEncoding = 4; lastKnownFileType = sourcecode.c.h; path = RWObjCWrapper.h; sourceTree = "<group>"; };
		308412371602A9C90032F2E6 /* RWObjCWrapper.m */ = {isa = PBXFileReference; fileEncoding = 4; lastKnownFileType = sourcecode.c.objc; path = RWObjCWrapper.m; sourceTree = "<group>"; };
		30B31DBB1678BF9700CCE51F /* RENSAttributedString.h */ = {isa = PBXFileReference; fileEncoding = 4; lastKnownFileType = sourcecode.c.h; path = RENSAttributedString.h; sourceTree = "<group>"; };
		30B31DBC1678BF9700CCE51F /* RENSAttributedString.m */ = {isa = PBXFileReference; fileEncoding = 4; lastKnownFileType = sourcecode.c.objc; path = RENSAttributedString.m; sourceTree = "<group>"; };
		30B31DBD1678BF9700CCE51F /* RENSCharacterSet.h */ = {isa = PBXFileReference; fileEncoding = 4; lastKnownFileType = sourcecode.c.h; path = RENSCharacterSet.h; sourceTree = "<group>"; };
		30B31DBE1678BF9700CCE51F /* RENSCharacterSet.m */ = {isa = PBXFileReference; fileEncoding = 4; lastKnownFileType = sourcecode.c.objc; path = RENSCharacterSet.m; sourceTree = "<group>"; };
		30B31DBF1678BF9700CCE51F /* RENSData.h */ = {isa = PBXFileReference; fileEncoding = 4; lastKnownFileType = sourcecode.c.h; path = RENSData.h; sourceTree = "<group>"; };
		30B31DC01678BF9700CCE51F /* RENSData.m */ = {isa = PBXFileReference; fileEncoding = 4; lastKnownFileType = sourcecode.c.objc; path = RENSData.m; sourceTree = "<group>"; };
		30B31DC11678BF9700CCE51F /* RENSError.h */ = {isa = PBXFileReference; fileEncoding = 4; lastKnownFileType = sourcecode.c.h; path = RENSError.h; sourceTree = "<group>"; };
		30B31DC21678BF9700CCE51F /* RENSError.m */ = {isa = PBXFileReference; fileEncoding = 4; lastKnownFileType = sourcecode.c.objc; path = RENSError.m; sourceTree = "<group>"; };
		30B31DC31678BF9700CCE51F /* RENSIndexSet.h */ = {isa = PBXFileReference; fileEncoding = 4; lastKnownFileType = sourcecode.c.h; path = RENSIndexSet.h; sourceTree = "<group>"; };
		30B31DC41678BF9700CCE51F /* RENSIndexSet.m */ = {isa = PBXFileReference; fileEncoding = 4; lastKnownFileType = sourcecode.c.objc; path = RENSIndexSet.m; sourceTree = "<group>"; };
		30B31DC51678BF9700CCE51F /* RENSOrderedSet.h */ = {isa = PBXFileReference; fileEncoding = 4; lastKnownFileType = sourcecode.c.h; path = RENSOrderedSet.h; sourceTree = "<group>"; };
		30B31DC61678BF9700CCE51F /* RENSOrderedSet.m */ = {isa = PBXFileReference; fileEncoding = 4; lastKnownFileType = sourcecode.c.objc; path = RENSOrderedSet.m; sourceTree = "<group>"; };
		30B31DC71678BF9700CCE51F /* RENSSet.h */ = {isa = PBXFileReference; fileEncoding = 4; lastKnownFileType = sourcecode.c.h; path = RENSSet.h; sourceTree = "<group>"; };
		30B31DC81678BF9700CCE51F /* RENSSet.m */ = {isa = PBXFileReference; fileEncoding = 4; lastKnownFileType = sourcecode.c.objc; path = RENSSet.m; sourceTree = "<group>"; };
		30B31DC91678BF9700CCE51F /* RENSThread.h */ = {isa = PBXFileReference; fileEncoding = 4; lastKnownFileType = sourcecode.c.h; path = RENSThread.h; sourceTree = "<group>"; };
		30B31DCA1678BF9700CCE51F /* RENSThread.m */ = {isa = PBXFileReference; fileEncoding = 4; lastKnownFileType = sourcecode.c.objc; path = RENSThread.m; sourceTree = "<group>"; };
		30B31DCB1678BF9700CCE51F /* RENSURLRequest.h */ = {isa = PBXFileReference; fileEncoding = 4; lastKnownFileType = sourcecode.c.h; path = RENSURLRequest.h; sourceTree = "<group>"; };
		30B31DCC1678BF9700CCE51F /* RENSURLRequest.m */ = {isa = PBXFileReference; fileEncoding = 4; lastKnownFileType = sourcecode.c.objc; path = RENSURLRequest.m; sourceTree = "<group>"; };
		30DB4C7716B0CEB800F7573A /* RENSException.h */ = {isa = PBXFileReference; fileEncoding = 4; lastKnownFileType = sourcecode.c.h; path = RENSException.h; sourceTree = "<group>"; };
		30DB4C7816B0CEB800F7573A /* RENSException.m */ = {isa = PBXFileReference; fileEncoding = 4; lastKnownFileType = sourcecode.c.objc; path = RENSException.m; sourceTree = "<group>"; };
		30DB4C7916B0CEB800F7573A /* RENSNull.h */ = {isa = PBXFileReference; fileEncoding = 4; lastKnownFileType = sourcecode.c.h; path = RENSNull.h; sourceTree = "<group>"; };
		30DB4C7A16B0CEB800F7573A /* RENSNull.m */ = {isa = PBXFileReference; fileEncoding = 4; lastKnownFileType = sourcecode.c.objc; path = RENSNull.m; sourceTree = "<group>"; };
/* End PBXFileReference section */

/* Begin PBXFrameworksBuildPhase section */
		307D13E815FA9CC600CB696C /* Frameworks */ = {
			isa = PBXFrameworksBuildPhase;
			buildActionMask = 2147483647;
			files = (
				307D13F015FA9CC600CB696C /* UIKit.framework in Frameworks */,
				307D13F215FA9CC600CB696C /* Foundation.framework in Frameworks */,
				307D13F415FA9CC600CB696C /* CoreGraphics.framework in Frameworks */,
			);
			runOnlyForDeploymentPostprocessing = 0;
		};
/* End PBXFrameworksBuildPhase section */

/* Begin PBXGroup section */
		30469964172AF044004A84ED /* SBJson */ = {
			isa = PBXGroup;
			children = (
				30469965172AF044004A84ED /* SBJson.h */,
				30469966172AF044004A84ED /* SBJsonParser.h */,
				30469967172AF044004A84ED /* SBJsonParser.m */,
				30469968172AF044004A84ED /* SBJsonStreamParser.h */,
				30469969172AF044004A84ED /* SBJsonStreamParser.m */,
				3046996A172AF044004A84ED /* SBJsonStreamParserAccumulator.h */,
				3046996B172AF044004A84ED /* SBJsonStreamParserAccumulator.m */,
				3046996C172AF044004A84ED /* SBJsonStreamParserAdapter.h */,
				3046996D172AF044004A84ED /* SBJsonStreamParserAdapter.m */,
				3046996E172AF044004A84ED /* SBJsonStreamParserState.h */,
				3046996F172AF044004A84ED /* SBJsonStreamParserState.m */,
				30469970172AF044004A84ED /* SBJsonStreamTokeniser.h */,
				30469971172AF044004A84ED /* SBJsonStreamTokeniser.m */,
				30469972172AF044004A84ED /* SBJsonStreamWriter.h */,
				30469973172AF044004A84ED /* SBJsonStreamWriter.m */,
				30469974172AF044004A84ED /* SBJsonStreamWriterAccumulator.h */,
				30469975172AF044004A84ED /* SBJsonStreamWriterAccumulator.m */,
				30469976172AF044004A84ED /* SBJsonStreamWriterState.h */,
				30469977172AF044004A84ED /* SBJsonStreamWriterState.m */,
				30469978172AF044004A84ED /* SBJsonWriter.h */,
				30469979172AF044004A84ED /* SBJsonWriter.m */,
			);
			path = SBJson;
			sourceTree = "<group>";
		};
		307BD6181634B2B200178FC2 /* Resources */ = {
			isa = PBXGroup;
			children = (
				307BD6191634B2B200178FC2 /* System */,
			);
			path = Resources;
			sourceTree = "<group>";
		};
		307BD6191634B2B200178FC2 /* System */ = {
			isa = PBXGroup;
			children = (
				307BD61A1634B2B200178FC2 /* Default-568h@2x.png */,
			);
			path = System;
			sourceTree = "<group>";
		};
		307D13E015FA9CC600CB696C = {
			isa = PBXGroup;
			children = (
				307D13F515FA9CC600CB696C /* RFJSONFramework */,
				307D13EE15FA9CC600CB696C /* Frameworks */,
				307D13EC15FA9CC600CB696C /* Products */,
			);
			sourceTree = "<group>";
		};
		307D13EC15FA9CC600CB696C /* Products */ = {
			isa = PBXGroup;
			children = (
				307D13EB15FA9CC600CB696C /* RFJSONFramework.app */,
			);
			name = Products;
			sourceTree = "<group>";
		};
		307D13EE15FA9CC600CB696C /* Frameworks */ = {
			isa = PBXGroup;
			children = (
				307D13EF15FA9CC600CB696C /* UIKit.framework */,
				307D13F115FA9CC600CB696C /* Foundation.framework */,
				307D13F315FA9CC600CB696C /* CoreGraphics.framework */,
			);
			name = Frameworks;
			sourceTree = "<group>";
		};
		307D13F515FA9CC600CB696C /* RFJSONFramework */ = {
			isa = PBXGroup;
			children = (
				307D143215FAA29F00CB696C /* External */,
				308411D11602A9470032F2E6 /* RFJSONFramework */,
				307D13FE15FA9CC600CB696C /* RFAppDelegate.h */,
				307D13FF15FA9CC600CB696C /* RFAppDelegate.m */,
				307D13F615FA9CC600CB696C /* Supporting Files */,
				307BD6181634B2B200178FC2 /* Resources */,
			);
			path = RFJSONFramework;
			sourceTree = "<group>";
		};
		307D13F615FA9CC600CB696C /* Supporting Files */ = {
			isa = PBXGroup;
			children = (
				307D13F715FA9CC600CB696C /* RFJSONFramework-Info.plist */,
				307D13FB15FA9CC600CB696C /* main.m */,
				307D13FD15FA9CC600CB696C /* RFJSONFramework-Prefix.pch */,
			);
			name = "Supporting Files";
			sourceTree = "<group>";
		};
		307D143215FAA29F00CB696C /* External */ = {
			isa = PBXGroup;
			children = (
				308411F61602A9B60032F2E6 /* REExtendedFoundation */,
				308412331602A9C90032F2E6 /* RWObjCWrapper */,
				30469964172AF044004A84ED /* SBJson */,
			);
			path = External;
			sourceTree = "<group>";
		};
		308411D11602A9470032F2E6 /* RFJSONFramework */ = {
			isa = PBXGroup;
			children = (
				308411D21602A9470032F2E6 /* RFJSONArrayAccumulateParser.h */,
				308411D31602A9470032F2E6 /* RFJSONArrayAccumulateParser.m */,
				308411D41602A9470032F2E6 /* RFJSONArrayParser.h */,
				308411D51602A9470032F2E6 /* RFJSONArrayParser.m */,
				308411D61602A9470032F2E6 /* RFJSONArraySkipParser.h */,
				308411D71602A9470032F2E6 /* RFJSONArraySkipParser.m */,
				308411D81602A9470032F2E6 /* RFJSONDocumentParser.h */,
				308411D91602A9470032F2E6 /* RFJSONDocumentParser.m */,
				308411DA1602A9470032F2E6 /* RFJSONFramework.h */,
				308411DB1602A9470032F2E6 /* RFJSONFramework.m */,
				308411DC1602A9470032F2E6 /* RFJSONNodeParser.h */,
				308411DD1602A9470032F2E6 /* RFJSONNodeParser.m */,
				308411DE1602A9470032F2E6 /* RFJSONNodeParserPrivate.h */,
				308411DF1602A9470032F2E6 /* RFJSONNodeParserPrivate.m */,
				308411E01602A9470032F2E6 /* RFJSONNodeParserType.h */,
				308411E11602A9470032F2E6 /* RFJSONNodeParserType.m */,
				308411E21602A9470032F2E6 /* RFJSONNodeParserTypeProtected.h */,
				308411E31602A9470032F2E6 /* RFJSONNodeParserTypeProtected.m */,
				308411E41602A9470032F2E6 /* RFJSONOjectAccumulateParser.h */,
				308411E51602A9470032F2E6 /* RFJSONOjectAccumulateParser.m */,
				308411E61602A9470032F2E6 /* RFJSONOjectParser.h */,
				308411E71602A9470032F2E6 /* RFJSONOjectParser.m */,
				308411E81602A9470032F2E6 /* RFJSONOjectSkipParser.h */,
				308411E91602A9470032F2E6 /* RFJSONOjectSkipParser.m */,
			);
			path = RFJSONFramework;
			sourceTree = "<group>";
		};
		308411F61602A9B60032F2E6 /* REExtendedFoundation */ = {
			isa = PBXGroup;
			children = (
				308411F71602A9B60032F2E6 /* REBase256.h */,
				308411F81602A9B60032F2E6 /* REBase256.m */,
				308411F91602A9B60032F2E6 /* REExtendedFoundation.h */,
				308411FA1602A9B60032F2E6 /* REExtendedFoundation.m */,
				308411FB1602A9B60032F2E6 /* RENSArray.h */,
				308411FC1602A9B60032F2E6 /* RENSArray.m */,
				30B31DBB1678BF9700CCE51F /* RENSAttributedString.h */,
				30B31DBC1678BF9700CCE51F /* RENSAttributedString.m */,
				30B31DBD1678BF9700CCE51F /* RENSCharacterSet.h */,
				30B31DBE1678BF9700CCE51F /* RENSCharacterSet.m */,
				30B31DBF1678BF9700CCE51F /* RENSData.h */,
				30B31DC01678BF9700CCE51F /* RENSData.m */,
				308411FD1602A9B60032F2E6 /* RENSDateFormatter.h */,
				308411FE1602A9B60032F2E6 /* RENSDateFormatter.m */,
				308411FF1602A9B60032F2E6 /* RENSDictionary.h */,
				308412001602A9B60032F2E6 /* RENSDictionary.m */,
				30B31DC11678BF9700CCE51F /* RENSError.h */,
				30B31DC21678BF9700CCE51F /* RENSError.m */,
				30DB4C7716B0CEB800F7573A /* RENSException.h */,
				30DB4C7816B0CEB800F7573A /* RENSException.m */,
				308412011602A9B60032F2E6 /* RENSFileManager.h */,
				308412021602A9B60032F2E6 /* RENSFileManager.m */,
				308412031602A9B60032F2E6 /* RENSIndexPath.h */,
				308412041602A9B60032F2E6 /* RENSIndexPath.m */,
				30B31DC31678BF9700CCE51F /* RENSIndexSet.h */,
				30B31DC41678BF9700CCE51F /* RENSIndexSet.m */,
				308412051602A9B60032F2E6 /* RENSInvocation.h */,
				308412061602A9B60032F2E6 /* RENSInvocation.m */,
				308412071602A9B60032F2E6 /* RENSLocale.h */,
				308412081602A9B60032F2E6 /* RENSLocale.m */,
				308412091602A9B60032F2E6 /* RENSNotification.h */,
				3084120A1602A9B60032F2E6 /* RENSNotification.m */,
				3084120B1602A9B60032F2E6 /* RENSNotificationQueue.h */,
				3084120C1602A9B60032F2E6 /* RENSNotificationQueue.m */,
				30DB4C7916B0CEB800F7573A /* RENSNull.h */,
				30DB4C7A16B0CEB800F7573A /* RENSNull.m */,
				3084120D1602A9B60032F2E6 /* RENSNumber.h */,
				3084120E1602A9B60032F2E6 /* RENSNumber.m */,
				3084120F1602A9B60032F2E6 /* RENSObjCRuntime.h */,
				308412101602A9B60032F2E6 /* RENSObjCRuntime.m */,
				308412111602A9B60032F2E6 /* RENSObject.h */,
				308412121602A9B60032F2E6 /* RENSObject.m */,
				30B31DC51678BF9700CCE51F /* RENSOrderedSet.h */,
				30B31DC61678BF9700CCE51F /* RENSOrderedSet.m */,
				308412131602A9B60032F2E6 /* RENSPropertyList.h */,
				308412141602A9B60032F2E6 /* RENSPropertyList.m */,
				308412151602A9B60032F2E6 /* RENSRange.h */,
				308412161602A9B60032F2E6 /* RENSRange.m */,
				30B31DC71678BF9700CCE51F /* RENSSet.h */,
				30B31DC81678BF9700CCE51F /* RENSSet.m */,
				308412171602A9B60032F2E6 /* RENSStream.h */,
				308412181602A9B60032F2E6 /* RENSStream.m */,
				308412191602A9B60032F2E6 /* RENSString.h */,
				3084121A1602A9B60032F2E6 /* RENSString.m */,
				30B31DC91678BF9700CCE51F /* RENSThread.h */,
				30B31DCA1678BF9700CCE51F /* RENSThread.m */,
				3084121B1602A9B60032F2E6 /* RENSTimer.h */,
				3084121C1602A9B60032F2E6 /* RENSTimer.m */,
				30B31DCB1678BF9700CCE51F /* RENSURLRequest.h */,
				30B31DCC1678BF9700CCE51F /* RENSURLRequest.m */,
				3084121D1602A9B60032F2E6 /* RERFC822.h */,
				3084121E1602A9B60032F2E6 /* RERFC822.m */,
			);
			path = REExtendedFoundation;
			sourceTree = "<group>";
		};
		308412331602A9C90032F2E6 /* RWObjCWrapper */ = {
			isa = PBXGroup;
			children = (
				308412341602A9C90032F2E6 /* RWObjC.h */,
				308412351602A9C90032F2E6 /* RWObjC.m */,
				308412361602A9C90032F2E6 /* RWObjCWrapper.h */,
				308412371602A9C90032F2E6 /* RWObjCWrapper.m */,
			);
			path = RWObjCWrapper;
			sourceTree = "<group>";
		};
/* End PBXGroup section */

/* Begin PBXNativeTarget section */
		307D13EA15FA9CC600CB696C /* RFJSONFramework */ = {
			isa = PBXNativeTarget;
			buildConfigurationList = 307D141D15FA9CC600CB696C /* Build configuration list for PBXNativeTarget "RFJSONFramework" */;
			buildPhases = (
				307D13E715FA9CC600CB696C /* Sources */,
				307D13E815FA9CC600CB696C /* Frameworks */,
				307D13E915FA9CC600CB696C /* Resources */,
				307D142915FA9D8500CB696C /* Enable Comment Tags */,
			);
			buildRules = (
			);
			dependencies = (
			);
			name = RFJSONFramework;
			productName = RFJSONFramework;
			productReference = 307D13EB15FA9CC600CB696C /* RFJSONFramework.app */;
			productType = "com.apple.product-type.application";
		};
/* End PBXNativeTarget section */

/* Begin PBXProject section */
		307D13E215FA9CC600CB696C /* Project object */ = {
			isa = PBXProject;
			attributes = {
				CLASSPREFIX = RF;
				LastUpgradeCheck = 0430;
				ORGANIZATIONNAME = Oliromole;
			};
			buildConfigurationList = 307D13E515FA9CC600CB696C /* Build configuration list for PBXProject "RFJSONFramework" */;
			compatibilityVersion = "Xcode 3.2";
			developmentRegion = English;
			hasScannedForEncodings = 0;
			knownRegions = (
				en,
			);
			mainGroup = 307D13E015FA9CC600CB696C;
			productRefGroup = 307D13EC15FA9CC600CB696C /* Products */;
			projectDirPath = "";
			projectRoot = "";
			targets = (
				307D13EA15FA9CC600CB696C /* RFJSONFramework */,
			);
		};
/* End PBXProject section */

/* Begin PBXResourcesBuildPhase section */
		307D13E915FA9CC600CB696C /* Resources */ = {
			isa = PBXResourcesBuildPhase;
			buildActionMask = 2147483647;
			files = (
				307BD61B1634B2B200178FC2 /* Default-568h@2x.png in Resources */,
			);
			runOnlyForDeploymentPostprocessing = 0;
		};
/* End PBXResourcesBuildPhase section */

/* Begin PBXShellScriptBuildPhase section */
		307D142915FA9D8500CB696C /* Enable Comment Tags */ = {
			isa = PBXShellScriptBuildPhase;
			buildActionMask = 2147483647;
			files = (
			);
			inputPaths = (
			);
			name = "Enable Comment Tags";
			outputPaths = (
			);
			runOnlyForDeploymentPostprocessing = 0;
			shellPath = /bin/sh;
			shellScript = "KEYWORDS=\"\\/\\/ RFJSONFRAMEWORKTODO:|\\/\\/ TODO:|\\/\\/ FIXME:|\\/\\/ \\?\\?\\?:|\\/\\/ \\!\\!\\!:\"\nfind \"${SRCROOT}\" \\( -name \"*.h\" -or -name \"*.m\" \\) -print0 | xargs -0 egrep --with-filename --line-number --only-matching \"($KEYWORDS).*\\$\" | perl -p -e \"s/($KEYWORDS)/ warning: \\$1/\"";
		};
/* End PBXShellScriptBuildPhase section */

/* Begin PBXSourcesBuildPhase section */
		307D13E715FA9CC600CB696C /* Sources */ = {
			isa = PBXSourcesBuildPhase;
			buildActionMask = 2147483647;
			files = (
				307D13FC15FA9CC600CB696C /* main.m in Sources */,
				307D140015FA9CC600CB696C /* RFAppDelegate.m in Sources */,
				308411EA1602A9470032F2E6 /* RFJSONArrayAccumulateParser.m in Sources */,
				308411EB1602A9470032F2E6 /* RFJSONArrayParser.m in Sources */,
				308411EC1602A9470032F2E6 /* RFJSONArraySkipParser.m in Sources */,
				308411ED1602A9470032F2E6 /* RFJSONDocumentParser.m in Sources */,
				308411EE1602A9470032F2E6 /* RFJSONFramework.m in Sources */,
				308411EF1602A9470032F2E6 /* RFJSONNodeParser.m in Sources */,
				308411F01602A9470032F2E6 /* RFJSONNodeParserPrivate.m in Sources */,
				308411F11602A9470032F2E6 /* RFJSONNodeParserType.m in Sources */,
				308411F21602A9470032F2E6 /* RFJSONNodeParserTypeProtected.m in Sources */,
				308411F31602A9470032F2E6 /* RFJSONOjectAccumulateParser.m in Sources */,
				308411F41602A9470032F2E6 /* RFJSONOjectParser.m in Sources */,
				308411F51602A9470032F2E6 /* RFJSONOjectSkipParser.m in Sources */,
				3084121F1602A9B60032F2E6 /* REBase256.m in Sources */,
				308412201602A9B60032F2E6 /* REExtendedFoundation.m in Sources */,
				308412211602A9B60032F2E6 /* RENSArray.m in Sources */,
				308412221602A9B60032F2E6 /* RENSDateFormatter.m in Sources */,
				308412231602A9B60032F2E6 /* RENSDictionary.m in Sources */,
				308412241602A9B60032F2E6 /* RENSFileManager.m in Sources */,
				308412251602A9B60032F2E6 /* RENSIndexPath.m in Sources */,
				308412261602A9B60032F2E6 /* RENSInvocation.m in Sources */,
				308412271602A9B60032F2E6 /* RENSLocale.m in Sources */,
				308412281602A9B60032F2E6 /* RENSNotification.m in Sources */,
				308412291602A9B60032F2E6 /* RENSNotificationQueue.m in Sources */,
				3084122A1602A9B60032F2E6 /* RENSNumber.m in Sources */,
				3084122B1602A9B60032F2E6 /* RENSObjCRuntime.m in Sources */,
				3084122C1602A9B60032F2E6 /* RENSObject.m in Sources */,
				3084122D1602A9B60032F2E6 /* RENSPropertyList.m in Sources */,
				3084122E1602A9B60032F2E6 /* RENSRange.m in Sources */,
				3084122F1602A9B60032F2E6 /* RENSStream.m in Sources */,
				308412301602A9B60032F2E6 /* RENSString.m in Sources */,
				308412311602A9B60032F2E6 /* RENSTimer.m in Sources */,
				308412321602A9B60032F2E6 /* RERFC822.m in Sources */,
				308412381602A9C90032F2E6 /* RWObjC.m in Sources */,
				308412391602A9C90032F2E6 /* RWObjCWrapper.m in Sources */,
				30B31DCD1678BF9700CCE51F /* RENSAttributedString.m in Sources */,
				30B31DCE1678BF9700CCE51F /* RENSCharacterSet.m in Sources */,
				30B31DCF1678BF9700CCE51F /* RENSData.m in Sources */,
				30B31DD01678BF9700CCE51F /* RENSError.m in Sources */,
				30B31DD11678BF9700CCE51F /* RENSIndexSet.m in Sources */,
				30B31DD21678BF9700CCE51F /* RENSOrderedSet.m in Sources */,
				30B31DD31678BF9700CCE51F /* RENSSet.m in Sources */,
				30B31DD41678BF9700CCE51F /* RENSThread.m in Sources */,
				30B31DD51678BF9700CCE51F /* RENSURLRequest.m in Sources */,
				30DB4C7B16B0CEB800F7573A /* RENSException.m in Sources */,
				30DB4C7C16B0CEB800F7573A /* RENSNull.m in Sources */,
				3046997A172AF044004A84ED /* SBJsonParser.m in Sources */,
				3046997B172AF044004A84ED /* SBJsonStreamParser.m in Sources */,
				3046997C172AF044004A84ED /* SBJsonStreamParserAccumulator.m in Sources */,
				3046997D172AF044004A84ED /* SBJsonStreamParserAdapter.m in Sources */,
				3046997E172AF044004A84ED /* SBJsonStreamParserState.m in Sources */,
				3046997F172AF044004A84ED /* SBJsonStreamTokeniser.m in Sources */,
				30469980172AF044004A84ED /* SBJsonStreamWriter.m in Sources */,
				30469981172AF044004A84ED /* SBJsonStreamWriterAccumulator.m in Sources */,
				30469982172AF044004A84ED /* SBJsonStreamWriterState.m in Sources */,
				30469983172AF044004A84ED /* SBJsonWriter.m in Sources */,
			);
			runOnlyForDeploymentPostprocessing = 0;
		};
/* End PBXSourcesBuildPhase section */

/* Begin XCBuildConfiguration section */
		307D141B15FA9CC600CB696C /* Debug */ = {
			isa = XCBuildConfiguration;
			buildSettings = {
				ALWAYS_SEARCH_USER_PATHS = NO;
				ARCHS = "$(ARCHS_STANDARD_32_BIT)";
				CLANG_ANALYZER_SECURITY_FLOATLOOPCOUNTER = YES;
				CLANG_ANALYZER_SECURITY_INSECUREAPI_RAND = YES;
				CLANG_ANALYZER_SECURITY_INSECUREAPI_STRCPY = YES;
				CLANG_ENABLE_OBJC_ARC = YES;
				CLANG_WARN_DEPRECATED_OBJC_IMPLEMENTATIONS = YES;
				CLANG_WARN_EMPTY_BODY = YES;
				CLANG_WARN_IMPLICIT_SIGN_CONVERSION = YES;
				CLANG_WARN_OBJC_IMPLICIT_ATOMIC_PROPERTIES = YES;
				CLANG_WARN_OBJC_MISSING_PROPERTY_SYNTHESIS = YES;
				CLANG_WARN_OBJC_RECEIVER_WEAK = YES;
				CLANG_WARN_SUSPICIOUS_IMPLICIT_CONVERSION = YES;
				CLANG_WARN__DUPLICATE_METHOD_MATCH = YES;
				"CODE_SIGN_IDENTITY[sdk=iphoneos*]" = "iPhone Developer";
				COPY_PHASE_STRIP = NO;
				GCC_C_LANGUAGE_STANDARD = gnu99;
				GCC_DYNAMIC_NO_PIC = NO;
				GCC_OPTIMIZATION_LEVEL = 0;
				GCC_PREPROCESSOR_DEFINITIONS = (
					"DEBUG=1",
					"$(inherited)",
				);
				GCC_SYMBOLS_PRIVATE_EXTERN = NO;
				GCC_VERSION = com.apple.compilers.llvm.clang.1_0;
				GCC_WARN_64_TO_32_BIT_CONVERSION = YES;
				GCC_WARN_ABOUT_MISSING_FIELD_INITIALIZERS = YES;
				GCC_WARN_ABOUT_MISSING_NEWLINE = YES;
				GCC_WARN_ABOUT_MISSING_PROTOTYPES = YES;
				GCC_WARN_ABOUT_RETURN_TYPE = YES;
				GCC_WARN_FOUR_CHARACTER_CONSTANTS = YES;
				GCC_WARN_INITIALIZER_NOT_FULLY_BRACKETED = YES;
				GCC_WARN_NON_VIRTUAL_DESTRUCTOR = YES;
				GCC_WARN_SHADOW = YES;
				GCC_WARN_SIGN_COMPARE = YES;
				GCC_WARN_UNDECLARED_SELECTOR = YES;
				GCC_WARN_UNINITIALIZED_AUTOS = YES;
				GCC_WARN_UNKNOWN_PRAGMAS = YES;
				GCC_WARN_UNUSED_FUNCTION = YES;
				GCC_WARN_UNUSED_LABEL = YES;
				GCC_WARN_UNUSED_PARAMETER = YES;
				GCC_WARN_UNUSED_VARIABLE = YES;
				IPHONEOS_DEPLOYMENT_TARGET = 5.0;
				SDKROOT = iphoneos;
				TARGETED_DEVICE_FAMILY = "1,2";
			};
			name = Debug;
		};
		307D141C15FA9CC600CB696C /* Release */ = {
			isa = XCBuildConfiguration;
			buildSettings = {
				ALWAYS_SEARCH_USER_PATHS = NO;
				ARCHS = "$(ARCHS_STANDARD_32_BIT)";
				CLANG_ANALYZER_SECURITY_FLOATLOOPCOUNTER = YES;
				CLANG_ANALYZER_SECURITY_INSECUREAPI_RAND = YES;
				CLANG_ANALYZER_SECURITY_INSECUREAPI_STRCPY = YES;
				CLANG_ENABLE_OBJC_ARC = YES;
				CLANG_WARN_DEPRECATED_OBJC_IMPLEMENTATIONS = YES;
				CLANG_WARN_EMPTY_BODY = YES;
				CLANG_WARN_IMPLICIT_SIGN_CONVERSION = YES;
				CLANG_WARN_OBJC_IMPLICIT_ATOMIC_PROPERTIES = YES;
				CLANG_WARN_OBJC_MISSING_PROPERTY_SYNTHESIS = YES;
				CLANG_WARN_OBJC_RECEIVER_WEAK = YES;
				CLANG_WARN_SUSPICIOUS_IMPLICIT_CONVERSION = YES;
				CLANG_WARN__DUPLICATE_METHOD_MATCH = YES;
				"CODE_SIGN_IDENTITY[sdk=iphoneos*]" = "iPhone Developer";
				COPY_PHASE_STRIP = YES;
				GCC_C_LANGUAGE_STANDARD = gnu99;
				GCC_VERSION = com.apple.compilers.llvm.clang.1_0;
				GCC_WARN_64_TO_32_BIT_CONVERSION = YES;
				GCC_WARN_ABOUT_MISSING_FIELD_INITIALIZERS = YES;
				GCC_WARN_ABOUT_MISSING_NEWLINE = YES;
				GCC_WARN_ABOUT_MISSING_PROTOTYPES = YES;
				GCC_WARN_ABOUT_RETURN_TYPE = YES;
				GCC_WARN_FOUR_CHARACTER_CONSTANTS = YES;
				GCC_WARN_INITIALIZER_NOT_FULLY_BRACKETED = YES;
				GCC_WARN_NON_VIRTUAL_DESTRUCTOR = YES;
				GCC_WARN_SHADOW = YES;
				GCC_WARN_SIGN_COMPARE = YES;
				GCC_WARN_UNDECLARED_SELECTOR = YES;
				GCC_WARN_UNINITIALIZED_AUTOS = YES;
				GCC_WARN_UNKNOWN_PRAGMAS = YES;
				GCC_WARN_UNUSED_FUNCTION = YES;
				GCC_WARN_UNUSED_LABEL = YES;
				GCC_WARN_UNUSED_PARAMETER = YES;
				GCC_WARN_UNUSED_VARIABLE = YES;
				IPHONEOS_DEPLOYMENT_TARGET = 5.0;
				OTHER_CFLAGS = "-DNS_BLOCK_ASSERTIONS=1";
				SDKROOT = iphoneos;
				TARGETED_DEVICE_FAMILY = "1,2";
				VALIDATE_PRODUCT = YES;
			};
			name = Release;
		};
		307D141E15FA9CC600CB696C /* Debug */ = {
			isa = XCBuildConfiguration;
			buildSettings = {
				GCC_PRECOMPILE_PREFIX_HEADER = YES;
				GCC_PREFIX_HEADER = "RFJSONFramework/RFJSONFramework-Prefix.pch";
				INFOPLIST_FILE = "RFJSONFramework/RFJSONFramework-Info.plist";
				PRODUCT_NAME = "$(TARGET_NAME)";
				WRAPPER_EXTENSION = app;
			};
			name = Debug;
		};
		307D141F15FA9CC600CB696C /* Release */ = {
			isa = XCBuildConfiguration;
			buildSettings = {
				GCC_PRECOMPILE_PREFIX_HEADER = YES;
				GCC_PREFIX_HEADER = "RFJSONFramework/RFJSONFramework-Prefix.pch";
				INFOPLIST_FILE = "RFJSONFramework/RFJSONFramework-Info.plist";
				PRODUCT_NAME = "$(TARGET_NAME)";
				WRAPPER_EXTENSION = app;
			};
			name = Release;
		};
/* End XCBuildConfiguration section */

/* Begin XCConfigurationList section */
		307D13E515FA9CC600CB696C /* Build configuration list for PBXProject "RFJSONFramework" */ = {
			isa = XCConfigurationList;
			buildConfigurations = (
				307D141B15FA9CC600CB696C /* Debug */,
				307D141C15FA9CC600CB696C /* Release */,
			);
			defaultConfigurationIsVisible = 0;
			defaultConfigurationName = Release;
		};
		307D141D15FA9CC600CB696C /* Build configuration list for PBXNativeTarget "RFJSONFramework" */ = {
			isa = XCConfigurationList;
			buildConfigurations = (
				307D141E15FA9CC600CB696C /* Debug */,
				307D141F15FA9CC600CB696C /* Release */,
			);
			defaultConfigurationIsVisible = 0;
			defaultConfigurationName = Release;
		};
/* End XCConfigurationList section */
	};
	rootObject = 307D13E215FA9CC600CB696C /* Project object */;
}
